
Microsoft Visual Studio Solution File, Format Version 12.00
# Visual Studio Version 17
VisualStudioVersion = 17.1.32228.430
MinimumVisualStudioVersion = 10.0.40219.1
Project("{9A19103F-16F7-4668-BE54-9A1E7A4F7556}") = "Hofre", "Hofre\Hofre.csproj", "{F9593540-D30D-400E-BE22-DBF0DAB8DFB4}"
EndProject
Project("{2150E333-8FDC-42A3-9474-1A3956D46DE8}") = "ArticleManagement", "ArticleManagement", "{F5AD42D3-2E24-4207-A634-E45DD0A2C0A0}"
EndProject
Project("{9A19103F-16F7-4668-BE54-9A1E7A4F7556}") = "AM.Domain", "AM.Domain\AM.Domain.csproj", "{CC0F7EA9-1100-4C07-B599-66DE6C3B8B17}"
EndProject
Project("{9A19103F-16F7-4668-BE54-9A1E7A4F7556}") = "AM.Application", "AM.Application\AM.Application.csproj", "{71FD7532-CDE2-41D8-AE0A-5F6D979A5371}"
EndProject
Project("{9A19103F-16F7-4668-BE54-9A1E7A4F7556}") = "AM.Application.Contract", "AM.Application.Contract\AM.Application.Contract.csproj", "{B8E6E7F3-FC63-4FA9-8788-BC605A2BB5C5}"
EndProject
Project("{9A19103F-16F7-4668-BE54-9A1E7A4F7556}") = "AM.Infrastracture.Efcore", "AM.Infrastracture.Efcore\AM.Infrastracture.Efcore.csproj", "{C8BC9B58-5FB7-4985-A445-9FAEE7F62B78}"
EndProject
Project("{9A19103F-16F7-4668-BE54-9A1E7A4F7556}") = "AM.Configuration", "AM.Configuration\AM.Configuration.csproj", "{0A7909D4-F2F4-4E8B-98AE-E24105225ED3}"
EndProject
Project("{2150E333-8FDC-42A3-9474-1A3956D46DE8}") = "CourseManagement", "CourseManagement", "{00F85595-AD70-42E4-85E5-BFD231EFFA13}"
EndProject
Project("{9A19103F-16F7-4668-BE54-9A1E7A4F7556}") = "CM.Domain", "CM.Domain\CM.Domain.csproj", "{6A0B823C-EBBF-49FD-BEF9-949087AB4E61}"
EndProject
Project("{9A19103F-16F7-4668-BE54-9A1E7A4F7556}") = "CM.Application", "CM.Application\CM.Application.csproj", "{F2E02C01-4A53-4525-8F33-EF3FA6B8EC67}"
EndProject
Project("{9A19103F-16F7-4668-BE54-9A1E7A4F7556}") = "CM.Application.Contract", "CM.Application.Contract\CM.Application.Contract.csproj", "{E66D8AB1-FC0B-4FB1-9990-5CCABCD21642}"
EndProject
Project("{9A19103F-16F7-4668-BE54-9A1E7A4F7556}") = "CM.Infrastracture.Efcore", "CM.Infrastracture.Efcore\CM.Infrastracture.Efcore.csproj", "{D72A2D5B-C5CC-4192-A4AD-970B5C3349FE}"
EndProject
Project("{9A19103F-16F7-4668-BE54-9A1E7A4F7556}") = "CM.Configuration", "CM.Configuration\CM.Configuration.csproj", "{6BBC18E9-CA54-423A-B918-57B08FA2B3E2}"
EndProject
Project("{2150E333-8FDC-42A3-9474-1A3956D46DE8}") = "UserManagement", "UserManagement", "{DFAFEC84-F183-4CE9-911B-9C3006DACD8C}"
EndProject
Project("{9A19103F-16F7-4668-BE54-9A1E7A4F7556}") = "UM.Domain", "UM.Domain\UM.Domain.csproj", "{DCD33CC3-85BF-45BC-9C54-859907ED7265}"
EndProject
Project("{9A19103F-16F7-4668-BE54-9A1E7A4F7556}") = "UM.Application", "UM.Application\UM.Application.csproj", "{D346D9E4-2E2C-454E-A05D-15F155BE3B82}"
EndProject
Project("{9A19103F-16F7-4668-BE54-9A1E7A4F7556}") = "UM.Application.Contract", "UM.Application.Contract\UM.Application.Contract.csproj", "{47FC0056-4798-45BD-A8FC-2A682CBEB920}"
EndProject
Project("{9A19103F-16F7-4668-BE54-9A1E7A4F7556}") = "UM.Infrastracture.Efcore", "UM.Infrastracture.Efcore\UM.Infrastracture.Efcore.csproj", "{AB864BDC-F82A-4A18-A50D-6A0029516658}"
EndProject
Project("{9A19103F-16F7-4668-BE54-9A1E7A4F7556}") = "UM.Configuration", "UM.Configuration\UM.Configuration.csproj", "{9A935FC8-13F6-4B1A-B2C6-BEA33DD1B520}"
EndProject
Project("{2150E333-8FDC-42A3-9474-1A3956D46DE8}") = "OrderManagement", "OrderManagement", "{AF6F1542-305A-427C-9A07-EF5F5D8EE443}"
EndProject
Project("{9A19103F-16F7-4668-BE54-9A1E7A4F7556}") = "OM.Domain", "OM.Domain\OM.Domain.csproj", "{6CA1A64F-6E69-489C-B907-0F23033DBD73}"
EndProject
Project("{9A19103F-16F7-4668-BE54-9A1E7A4F7556}") = "OM.Application", "OM.Application\OM.Application.csproj", "{97D64DF3-F287-4F47-97CE-E4D48B52AA7B}"
EndProject
Project("{9A19103F-16F7-4668-BE54-9A1E7A4F7556}") = "OM.Application.Contract", "OM.Application.Contract\OM.Application.Contract.csproj", "{30274B30-D9D7-40A7-AFC3-FF6AA5C25F46}"
EndProject
Project("{9A19103F-16F7-4668-BE54-9A1E7A4F7556}") = "OM.Infrastracture.Efcore", "OM.Infrastracture.Efcore\OM.Infrastracture.Efcore.csproj", "{3E9C5D3A-6FFE-4B87-AC84-4115EBD521ED}"
EndProject
Project("{9A19103F-16F7-4668-BE54-9A1E7A4F7556}") = "OM.Configuration", "OM.Configuration\OM.Configuration.csproj", "{53875767-4FB1-4481-BF52-EAFB1B5C3E20}"
EndProject
Project("{2150E333-8FDC-42A3-9474-1A3956D46DE8}") = "TicketManagement", "TicketManagement", "{B157740D-E2BE-431A-8E71-FBAC5BAADF4B}"
EndProject
Project("{9A19103F-16F7-4668-BE54-9A1E7A4F7556}") = "TM.Domain", "TM.Domain\TM.Domain.csproj", "{76C9FB11-84CF-4115-BAAD-08C685A6211D}"
EndProject
Project("{9A19103F-16F7-4668-BE54-9A1E7A4F7556}") = "TM.Application", "TM.Application\TM.Application.csproj", "{80AD9D84-71B3-413B-93A2-DB4943469243}"
EndProject
Project("{9A19103F-16F7-4668-BE54-9A1E7A4F7556}") = "TM.Application.Contract", "TM.Application.Contract\TM.Application.Contract.csproj", "{D92D7E69-25B7-46BA-83D5-1B1ABCE43311}"
EndProject
Project("{9A19103F-16F7-4668-BE54-9A1E7A4F7556}") = "TM.Infrastracture.Efcore", "TM.Infrastracture.Efcore\TM.Infrastracture.Efcore.csproj", "{5BF22DE7-6D7F-4CE8-94D3-85CE2942E6E6}"
EndProject
Project("{9A19103F-16F7-4668-BE54-9A1E7A4F7556}") = "TM.Configuration", "TM.Configuration\TM.Configuration.csproj", "{56A87B8A-A6EC-4D4D-B7D6-35C39F10FD34}"
EndProject
Project("{2150E333-8FDC-42A3-9474-1A3956D46DE8}") = "SettingManagement", "SettingManagement", "{7A1D2CD0-10C3-49C7-9CCD-F4E35672056C}"
EndProject
Project("{9A19103F-16F7-4668-BE54-9A1E7A4F7556}") = "SM.Domain", "SM.Domain\SM.Domain.csproj", "{A8F41EF2-1726-40CA-A12C-3F371E8C4AAF}"
EndProject
Project("{9A19103F-16F7-4668-BE54-9A1E7A4F7556}") = "SM.Infrastracture.Efcore", "SM.Infrastracture.Efcore\SM.Infrastracture.Efcore.csproj", "{B29E0FBB-9AAC-4726-BAD0-261BDC9F087E}"
EndProject
Project("{9A19103F-16F7-4668-BE54-9A1E7A4F7556}") = "SM.Impelement", "SM.Impelement\SM.Impelement.csproj", "{6F16C12E-75CA-4629-8BFF-722E279F7BA6}"
EndProject
Project("{9A19103F-16F7-4668-BE54-9A1E7A4F7556}") = "Frameworks", "Frameworks\Frameworks.csproj", "{5322966C-DD16-4B59-93CC-CEB0F3929BA6}"
EndProject
Project("{9A19103F-16F7-4668-BE54-9A1E7A4F7556}") = "Query", "Query\Query.csproj", "{C7FDCBFA-F553-4F40-931A-108E55A7F0DC}"
EndProject
Project("{9A19103F-16F7-4668-BE54-9A1E7A4F7556}") = "Exceptions", "Exceptions\Exceptions.csproj", "{3C338908-D281-47FB-95D6-3600A083CE0F}"
EndProject
Project("{2150E333-8FDC-42A3-9474-1A3956D46DE8}") = "DiscountManagement", "DiscountManagement", "{8523D0F2-AC56-496C-85BA-23334A1D58E7}"
EndProject
Project("{9A19103F-16F7-4668-BE54-9A1E7A4F7556}") = "DM.Domain", "DM.Domain\DM.Domain.csproj", "{8E777D19-95A5-400C-87E9-72F6E6AD74F8}"
EndProject
Project("{9A19103F-16F7-4668-BE54-9A1E7A4F7556}") = "DM.Application", "DM.Application\DM.Application.csproj", "{C1870C8E-119B-4F5D-A163-A9E7C692EDE6}"
EndProject
Project("{9A19103F-16F7-4668-BE54-9A1E7A4F7556}") = "DM.Application.Contract", "DM.Application.Contract\DM.Application.Contract.csproj", "{58A4AEC4-0153-4F77-B940-CC0DAB8AC59A}"
EndProject
Project("{9A19103F-16F7-4668-BE54-9A1E7A4F7556}") = "DM.Infrastracture.Efcore", "DM.Infrastracture.Efcore\DM.Infrastracture.Efcore.csproj", "{4E4D6B93-82CE-435B-A2E1-8504A50F2FF2}"
EndProject
Project("{9A19103F-16F7-4668-BE54-9A1E7A4F7556}") = "DM.Configuration", "DM.Configuration\DM.Configuration.csproj", "{72E9ED7C-A458-408D-9017-12E6D5C61DC4}"
EndProject
Global
	GlobalSection(SolutionConfigurationPlatforms) = preSolution
		Debug|Any CPU = Debug|Any CPU
		Release|Any CPU = Release|Any CPU
	EndGlobalSection
	GlobalSection(ProjectConfigurationPlatforms) = postSolution
		{F9593540-D30D-400E-BE22-DBF0DAB8DFB4}.Debug|Any CPU.ActiveCfg = Debug|Any CPU
		{F9593540-D30D-400E-BE22-DBF0DAB8DFB4}.Debug|Any CPU.Build.0 = Debug|Any CPU
		{F9593540-D30D-400E-BE22-DBF0DAB8DFB4}.Release|Any CPU.ActiveCfg = Release|Any CPU
		{F9593540-D30D-400E-BE22-DBF0DAB8DFB4}.Release|Any CPU.Build.0 = Release|Any CPU
		{CC0F7EA9-1100-4C07-B599-66DE6C3B8B17}.Debug|Any CPU.ActiveCfg = Debug|Any CPU
		{CC0F7EA9-1100-4C07-B599-66DE6C3B8B17}.Debug|Any CPU.Build.0 = Debug|Any CPU
		{CC0F7EA9-1100-4C07-B599-66DE6C3B8B17}.Release|Any CPU.ActiveCfg = Release|Any CPU
		{CC0F7EA9-1100-4C07-B599-66DE6C3B8B17}.Release|Any CPU.Build.0 = Release|Any CPU
		{71FD7532-CDE2-41D8-AE0A-5F6D979A5371}.Debug|Any CPU.ActiveCfg = Debug|Any CPU
		{71FD7532-CDE2-41D8-AE0A-5F6D979A5371}.Debug|Any CPU.Build.0 = Debug|Any CPU
		{71FD7532-CDE2-41D8-AE0A-5F6D979A5371}.Release|Any CPU.ActiveCfg = Release|Any CPU
		{71FD7532-CDE2-41D8-AE0A-5F6D979A5371}.Release|Any CPU.Build.0 = Release|Any CPU
		{B8E6E7F3-FC63-4FA9-8788-BC605A2BB5C5}.Debug|Any CPU.ActiveCfg = Debug|Any CPU
		{B8E6E7F3-FC63-4FA9-8788-BC605A2BB5C5}.Debug|Any CPU.Build.0 = Debug|Any CPU
		{B8E6E7F3-FC63-4FA9-8788-BC605A2BB5C5}.Release|Any CPU.ActiveCfg = Release|Any CPU
		{B8E6E7F3-FC63-4FA9-8788-BC605A2BB5C5}.Release|Any CPU.Build.0 = Release|Any CPU
		{C8BC9B58-5FB7-4985-A445-9FAEE7F62B78}.Debug|Any CPU.ActiveCfg = Debug|Any CPU
		{C8BC9B58-5FB7-4985-A445-9FAEE7F62B78}.Debug|Any CPU.Build.0 = Debug|Any CPU
		{C8BC9B58-5FB7-4985-A445-9FAEE7F62B78}.Release|Any CPU.ActiveCfg = Release|Any CPU
		{C8BC9B58-5FB7-4985-A445-9FAEE7F62B78}.Release|Any CPU.Build.0 = Release|Any CPU
		{0A7909D4-F2F4-4E8B-98AE-E24105225ED3}.Debug|Any CPU.ActiveCfg = Debug|Any CPU
		{0A7909D4-F2F4-4E8B-98AE-E24105225ED3}.Debug|Any CPU.Build.0 = Debug|Any CPU
		{0A7909D4-F2F4-4E8B-98AE-E24105225ED3}.Release|Any CPU.ActiveCfg = Release|Any CPU
		{0A7909D4-F2F4-4E8B-98AE-E24105225ED3}.Release|Any CPU.Build.0 = Release|Any CPU
		{6A0B823C-EBBF-49FD-BEF9-949087AB4E61}.Debug|Any CPU.ActiveCfg = Debug|Any CPU
		{6A0B823C-EBBF-49FD-BEF9-949087AB4E61}.Debug|Any CPU.Build.0 = Debug|Any CPU
		{6A0B823C-EBBF-49FD-BEF9-949087AB4E61}.Release|Any CPU.ActiveCfg = Release|Any CPU
		{6A0B823C-EBBF-49FD-BEF9-949087AB4E61}.Release|Any CPU.Build.0 = Release|Any CPU
		{F2E02C01-4A53-4525-8F33-EF3FA6B8EC67}.Debug|Any CPU.ActiveCfg = Debug|Any CPU
		{F2E02C01-4A53-4525-8F33-EF3FA6B8EC67}.Debug|Any CPU.Build.0 = Debug|Any CPU
		{F2E02C01-4A53-4525-8F33-EF3FA6B8EC67}.Release|Any CPU.ActiveCfg = Release|Any CPU
		{F2E02C01-4A53-4525-8F33-EF3FA6B8EC67}.Release|Any CPU.Build.0 = Release|Any CPU
		{E66D8AB1-FC0B-4FB1-9990-5CCABCD21642}.Debug|Any CPU.ActiveCfg = Debug|Any CPU
		{E66D8AB1-FC0B-4FB1-9990-5CCABCD21642}.Debug|Any CPU.Build.0 = Debug|Any CPU
		{E66D8AB1-FC0B-4FB1-9990-5CCABCD21642}.Release|Any CPU.ActiveCfg = Release|Any CPU
		{E66D8AB1-FC0B-4FB1-9990-5CCABCD21642}.Release|Any CPU.Build.0 = Release|Any CPU
		{D72A2D5B-C5CC-4192-A4AD-970B5C3349FE}.Debug|Any CPU.ActiveCfg = Debug|Any CPU
		{D72A2D5B-C5CC-4192-A4AD-970B5C3349FE}.Debug|Any CPU.Build.0 = Debug|Any CPU
		{D72A2D5B-C5CC-4192-A4AD-970B5C3349FE}.Release|Any CPU.ActiveCfg = Release|Any CPU
		{D72A2D5B-C5CC-4192-A4AD-970B5C3349FE}.Release|Any CPU.Build.0 = Release|Any CPU
		{6BBC18E9-CA54-423A-B918-57B08FA2B3E2}.Debug|Any CPU.ActiveCfg = Debug|Any CPU
		{6BBC18E9-CA54-423A-B918-57B08FA2B3E2}.Debug|Any CPU.Build.0 = Debug|Any CPU
		{6BBC18E9-CA54-423A-B918-57B08FA2B3E2}.Release|Any CPU.ActiveCfg = Release|Any CPU
		{6BBC18E9-CA54-423A-B918-57B08FA2B3E2}.Release|Any CPU.Build.0 = Release|Any CPU
		{DCD33CC3-85BF-45BC-9C54-859907ED7265}.Debug|Any CPU.ActiveCfg = Debug|Any CPU
		{DCD33CC3-85BF-45BC-9C54-859907ED7265}.Debug|Any CPU.Build.0 = Debug|Any CPU
		{DCD33CC3-85BF-45BC-9C54-859907ED7265}.Release|Any CPU.ActiveCfg = Release|Any CPU
		{DCD33CC3-85BF-45BC-9C54-859907ED7265}.Release|Any CPU.Build.0 = Release|Any CPU
		{D346D9E4-2E2C-454E-A05D-15F155BE3B82}.Debug|Any CPU.ActiveCfg = Debug|Any CPU
		{D346D9E4-2E2C-454E-A05D-15F155BE3B82}.Debug|Any CPU.Build.0 = Debug|Any CPU
		{D346D9E4-2E2C-454E-A05D-15F155BE3B82}.Release|Any CPU.ActiveCfg = Release|Any CPU
		{D346D9E4-2E2C-454E-A05D-15F155BE3B82}.Release|Any CPU.Build.0 = Release|Any CPU
		{47FC0056-4798-45BD-A8FC-2A682CBEB920}.Debug|Any CPU.ActiveCfg = Debug|Any CPU
		{47FC0056-4798-45BD-A8FC-2A682CBEB920}.Debug|Any CPU.Build.0 = Debug|Any CPU
		{47FC0056-4798-45BD-A8FC-2A682CBEB920}.Release|Any CPU.ActiveCfg = Release|Any CPU
		{47FC0056-4798-45BD-A8FC-2A682CBEB920}.Release|Any CPU.Build.0 = Release|Any CPU
		{AB864BDC-F82A-4A18-A50D-6A0029516658}.Debug|Any CPU.ActiveCfg = Debug|Any CPU
		{AB864BDC-F82A-4A18-A50D-6A0029516658}.Debug|Any CPU.Build.0 = Debug|Any CPU
		{AB864BDC-F82A-4A18-A50D-6A0029516658}.Release|Any CPU.ActiveCfg = Release|Any CPU
		{AB864BDC-F82A-4A18-A50D-6A0029516658}.Release|Any CPU.Build.0 = Release|Any CPU
		{9A935FC8-13F6-4B1A-B2C6-BEA33DD1B520}.Debug|Any CPU.ActiveCfg = Debug|Any CPU
		{9A935FC8-13F6-4B1A-B2C6-BEA33DD1B520}.Debug|Any CPU.Build.0 = Debug|Any CPU
		{9A935FC8-13F6-4B1A-B2C6-BEA33DD1B520}.Release|Any CPU.ActiveCfg = Release|Any CPU
		{9A935FC8-13F6-4B1A-B2C6-BEA33DD1B520}.Release|Any CPU.Build.0 = Release|Any CPU
		{6CA1A64F-6E69-489C-B907-0F23033DBD73}.Debug|Any CPU.ActiveCfg = Debug|Any CPU
		{6CA1A64F-6E69-489C-B907-0F23033DBD73}.Debug|Any CPU.Build.0 = Debug|Any CPU
		{6CA1A64F-6E69-489C-B907-0F23033DBD73}.Release|Any CPU.ActiveCfg = Release|Any CPU
		{6CA1A64F-6E69-489C-B907-0F23033DBD73}.Release|Any CPU.Build.0 = Release|Any CPU
		{97D64DF3-F287-4F47-97CE-E4D48B52AA7B}.Debug|Any CPU.ActiveCfg = Debug|Any CPU
		{97D64DF3-F287-4F47-97CE-E4D48B52AA7B}.Debug|Any CPU.Build.0 = Debug|Any CPU
		{97D64DF3-F287-4F47-97CE-E4D48B52AA7B}.Release|Any CPU.ActiveCfg = Release|Any CPU
		{97D64DF3-F287-4F47-97CE-E4D48B52AA7B}.Release|Any CPU.Build.0 = Release|Any CPU
		{30274B30-D9D7-40A7-AFC3-FF6AA5C25F46}.Debug|Any CPU.ActiveCfg = Debug|Any CPU
		{30274B30-D9D7-40A7-AFC3-FF6AA5C25F46}.Debug|Any CPU.Build.0 = Debug|Any CPU
		{30274B30-D9D7-40A7-AFC3-FF6AA5C25F46}.Release|Any CPU.ActiveCfg = Release|Any CPU
		{30274B30-D9D7-40A7-AFC3-FF6AA5C25F46}.Release|Any CPU.Build.0 = Release|Any CPU
		{3E9C5D3A-6FFE-4B87-AC84-4115EBD521ED}.Debug|Any CPU.ActiveCfg = Debug|Any CPU
		{3E9C5D3A-6FFE-4B87-AC84-4115EBD521ED}.Debug|Any CPU.Build.0 = Debug|Any CPU
		{3E9C5D3A-6FFE-4B87-AC84-4115EBD521ED}.Release|Any CPU.ActiveCfg = Release|Any CPU
		{3E9C5D3A-6FFE-4B87-AC84-4115EBD521ED}.Release|Any CPU.Build.0 = Release|Any CPU
		{53875767-4FB1-4481-BF52-EAFB1B5C3E20}.Debug|Any CPU.ActiveCfg = Debug|Any CPU
		{53875767-4FB1-4481-BF52-EAFB1B5C3E20}.Debug|Any CPU.Build.0 = Debug|Any CPU
		{53875767-4FB1-4481-BF52-EAFB1B5C3E20}.Release|Any CPU.ActiveCfg = Release|Any CPU
		{53875767-4FB1-4481-BF52-EAFB1B5C3E20}.Release|Any CPU.Build.0 = Release|Any CPU
		{76C9FB11-84CF-4115-BAAD-08C685A6211D}.Debug|Any CPU.ActiveCfg = Debug|Any CPU
		{76C9FB11-84CF-4115-BAAD-08C685A6211D}.Debug|Any CPU.Build.0 = Debug|Any CPU
		{76C9FB11-84CF-4115-BAAD-08C685A6211D}.Release|Any CPU.ActiveCfg = Release|Any CPU
		{76C9FB11-84CF-4115-BAAD-08C685A6211D}.Release|Any CPU.Build.0 = Release|Any CPU
		{80AD9D84-71B3-413B-93A2-DB4943469243}.Debug|Any CPU.ActiveCfg = Debug|Any CPU
		{80AD9D84-71B3-413B-93A2-DB4943469243}.Debug|Any CPU.Build.0 = Debug|Any CPU
		{80AD9D84-71B3-413B-93A2-DB4943469243}.Release|Any CPU.ActiveCfg = Release|Any CPU
		{80AD9D84-71B3-413B-93A2-DB4943469243}.Release|Any CPU.Build.0 = Release|Any CPU
		{D92D7E69-25B7-46BA-83D5-1B1ABCE43311}.Debug|Any CPU.ActiveCfg = Debug|Any CPU
		{D92D7E69-25B7-46BA-83D5-1B1ABCE43311}.Debug|Any CPU.Build.0 = Debug|Any CPU
		{D92D7E69-25B7-46BA-83D5-1B1ABCE43311}.Release|Any CPU.ActiveCfg = Release|Any CPU
		{D92D7E69-25B7-46BA-83D5-1B1ABCE43311}.Release|Any CPU.Build.0 = Release|Any CPU
		{5BF22DE7-6D7F-4CE8-94D3-85CE2942E6E6}.Debug|Any CPU.ActiveCfg = Debug|Any CPU
		{5BF22DE7-6D7F-4CE8-94D3-85CE2942E6E6}.Debug|Any CPU.Build.0 = Debug|Any CPU
		{5BF22DE7-6D7F-4CE8-94D3-85CE2942E6E6}.Release|Any CPU.ActiveCfg = Release|Any CPU
		{5BF22DE7-6D7F-4CE8-94D3-85CE2942E6E6}.Release|Any CPU.Build.0 = Release|Any CPU
		{56A87B8A-A6EC-4D4D-B7D6-35C39F10FD34}.Debug|Any CPU.ActiveCfg = Debug|Any CPU
		{56A87B8A-A6EC-4D4D-B7D6-35C39F10FD34}.Debug|Any CPU.Build.0 = Debug|Any CPU
		{56A87B8A-A6EC-4D4D-B7D6-35C39F10FD34}.Release|Any CPU.ActiveCfg = Release|Any CPU
		{56A87B8A-A6EC-4D4D-B7D6-35C39F10FD34}.Release|Any CPU.Build.0 = Release|Any CPU
		{A8F41EF2-1726-40CA-A12C-3F371E8C4AAF}.Debug|Any CPU.ActiveCfg = Debug|Any CPU
		{A8F41EF2-1726-40CA-A12C-3F371E8C4AAF}.Debug|Any CPU.Build.0 = Debug|Any CPU
		{A8F41EF2-1726-40CA-A12C-3F371E8C4AAF}.Release|Any CPU.ActiveCfg = Release|Any CPU
		{A8F41EF2-1726-40CA-A12C-3F371E8C4AAF}.Release|Any CPU.Build.0 = Release|Any CPU
		{B29E0FBB-9AAC-4726-BAD0-261BDC9F087E}.Debug|Any CPU.ActiveCfg = Debug|Any CPU
		{B29E0FBB-9AAC-4726-BAD0-261BDC9F087E}.Debug|Any CPU.Build.0 = Debug|Any CPU
		{B29E0FBB-9AAC-4726-BAD0-261BDC9F087E}.Release|Any CPU.ActiveCfg = Release|Any CPU
		{B29E0FBB-9AAC-4726-BAD0-261BDC9F087E}.Release|Any CPU.Build.0 = Release|Any CPU
		{6F16C12E-75CA-4629-8BFF-722E279F7BA6}.Debug|Any CPU.ActiveCfg = Debug|Any CPU
		{6F16C12E-75CA-4629-8BFF-722E279F7BA6}.Debug|Any CPU.Build.0 = Debug|Any CPU
		{6F16C12E-75CA-4629-8BFF-722E279F7BA6}.Release|Any CPU.ActiveCfg = Release|Any CPU
		{6F16C12E-75CA-4629-8BFF-722E279F7BA6}.Release|Any CPU.Build.0 = Release|Any CPU
		{5322966C-DD16-4B59-93CC-CEB0F3929BA6}.Debug|Any CPU.ActiveCfg = Debug|Any CPU
		{5322966C-DD16-4B59-93CC-CEB0F3929BA6}.Debug|Any CPU.Build.0 = Debug|Any CPU
		{5322966C-DD16-4B59-93CC-CEB0F3929BA6}.Release|Any CPU.ActiveCfg = Release|Any CPU
		{5322966C-DD16-4B59-93CC-CEB0F3929BA6}.Release|Any CPU.Build.0 = Release|Any CPU
		{C7FDCBFA-F553-4F40-931A-108E55A7F0DC}.Debug|Any CPU.ActiveCfg = Debug|Any CPU
		{C7FDCBFA-F553-4F40-931A-108E55A7F0DC}.Debug|Any CPU.Build.0 = Debug|Any CPU
		{C7FDCBFA-F553-4F40-931A-108E55A7F0DC}.Release|Any CPU.ActiveCfg = Release|Any CPU
		{C7FDCBFA-F553-4F40-931A-108E55A7F0DC}.Release|Any CPU.Build.0 = Release|Any CPU
		{3C338908-D281-47FB-95D6-3600A083CE0F}.Debug|Any CPU.ActiveCfg = Debug|Any CPU
		{3C338908-D281-47FB-95D6-3600A083CE0F}.Debug|Any CPU.Build.0 = Debug|Any CPU
		{3C338908-D281-47FB-95D6-3600A083CE0F}.Release|Any CPU.ActiveCfg = Release|Any CPU
		{3C338908-D281-47FB-95D6-3600A083CE0F}.Release|Any CPU.Build.0 = Release|Any CPU
		{8E777D19-95A5-400C-87E9-72F6E6AD74F8}.Debug|Any CPU.ActiveCfg = Debug|Any CPU
		{8E777D19-95A5-400C-87E9-72F6E6AD74F8}.Debug|Any CPU.Build.0 = Debug|Any CPU
		{8E777D19-95A5-400C-87E9-72F6E6AD74F8}.Release|Any CPU.ActiveCfg = Release|Any CPU
		{8E777D19-95A5-400C-87E9-72F6E6AD74F8}.Release|Any CPU.Build.0 = Release|Any CPU
		{C1870C8E-119B-4F5D-A163-A9E7C692EDE6}.Debug|Any CPU.ActiveCfg = Debug|Any CPU
		{C1870C8E-119B-4F5D-A163-A9E7C692EDE6}.Debug|Any CPU.Build.0 = Debug|Any CPU
		{C1870C8E-119B-4F5D-A163-A9E7C692EDE6}.Release|Any CPU.ActiveCfg = Release|Any CPU
		{C1870C8E-119B-4F5D-A163-A9E7C692EDE6}.Release|Any CPU.Build.0 = Release|Any CPU
		{58A4AEC4-0153-4F77-B940-CC0DAB8AC59A}.Debug|Any CPU.ActiveCfg = Debug|Any CPU
		{58A4AEC4-0153-4F77-B940-CC0DAB8AC59A}.Debug|Any CPU.Build.0 = Debug|Any CPU
		{58A4AEC4-0153-4F77-B940-CC0DAB8AC59A}.Release|Any CPU.ActiveCfg = Release|Any CPU
		{58A4AEC4-0153-4F77-B940-CC0DAB8AC59A}.Release|Any CPU.Build.0 = Release|Any CPU
		{4E4D6B93-82CE-435B-A2E1-8504A50F2FF2}.Debug|Any CPU.ActiveCfg = Debug|Any CPU
		{4E4D6B93-82CE-435B-A2E1-8504A50F2FF2}.Debug|Any CPU.Build.0 = Debug|Any CPU
		{4E4D6B93-82CE-435B-A2E1-8504A50F2FF2}.Release|Any CPU.ActiveCfg = Release|Any CPU
		{4E4D6B93-82CE-435B-A2E1-8504A50F2FF2}.Release|Any CPU.Build.0 = Release|Any CPU
		{72E9ED7C-A458-408D-9017-12E6D5C61DC4}.Debug|Any CPU.ActiveCfg = Debug|Any CPU
		{72E9ED7C-A458-408D-9017-12E6D5C61DC4}.Debug|Any CPU.Build.0 = Debug|Any CPU
		{72E9ED7C-A458-408D-9017-12E6D5C61DC4}.Release|Any CPU.ActiveCfg = Release|Any CPU
		{72E9ED7C-A458-408D-9017-12E6D5C61DC4}.Release|Any CPU.Build.0 = Release|Any CPU
	EndGlobalSection
	GlobalSection(SolutionProperties) = preSolution
		HideSolutionNode = FALSE
	EndGlobalSection
	GlobalSection(NestedProjects) = preSolution
		{CC0F7EA9-1100-4C07-B599-66DE6C3B8B17} = {F5AD42D3-2E24-4207-A634-E45DD0A2C0A0}
		{71FD7532-CDE2-41D8-AE0A-5F6D979A5371} = {F5AD42D3-2E24-4207-A634-E45DD0A2C0A0}
		{B8E6E7F3-FC63-4FA9-8788-BC605A2BB5C5} = {F5AD42D3-2E24-4207-A634-E45DD0A2C0A0}
		{C8BC9B58-5FB7-4985-A445-9FAEE7F62B78} = {F5AD42D3-2E24-4207-A634-E45DD0A2C0A0}
		{0A7909D4-F2F4-4E8B-98AE-E24105225ED3} = {F5AD42D3-2E24-4207-A634-E45DD0A2C0A0}
		{6A0B823C-EBBF-49FD-BEF9-949087AB4E61} = {00F85595-AD70-42E4-85E5-BFD231EFFA13}
		{F2E02C01-4A53-4525-8F33-EF3FA6B8EC67} = {00F85595-AD70-42E4-85E5-BFD231EFFA13}
		{E66D8AB1-FC0B-4FB1-9990-5CCABCD21642} = {00F85595-AD70-42E4-85E5-BFD231EFFA13}
		{D72A2D5B-C5CC-4192-A4AD-970B5C3349FE} = {00F85595-AD70-42E4-85E5-BFD231EFFA13}
		{6BBC18E9-CA54-423A-B918-57B08FA2B3E2} = {00F85595-AD70-42E4-85E5-BFD231EFFA13}
		{DCD33CC3-85BF-45BC-9C54-859907ED7265} = {DFAFEC84-F183-4CE9-911B-9C3006DACD8C}
		{D346D9E4-2E2C-454E-A05D-15F155BE3B82} = {DFAFEC84-F183-4CE9-911B-9C3006DACD8C}
		{47FC0056-4798-45BD-A8FC-2A682CBEB920} = {DFAFEC84-F183-4CE9-911B-9C3006DACD8C}
		{AB864BDC-F82A-4A18-A50D-6A0029516658} = {DFAFEC84-F183-4CE9-911B-9C3006DACD8C}
		{9A935FC8-13F6-4B1A-B2C6-BEA33DD1B520} = {DFAFEC84-F183-4CE9-911B-9C3006DACD8C}
		{6CA1A64F-6E69-489C-B907-0F23033DBD73} = {AF6F1542-305A-427C-9A07-EF5F5D8EE443}
		{97D64DF3-F287-4F47-97CE-E4D48B52AA7B} = {AF6F1542-305A-427C-9A07-EF5F5D8EE443}
		{30274B30-D9D7-40A7-AFC3-FF6AA5C25F46} = {AF6F1542-305A-427C-9A07-EF5F5D8EE443}
		{3E9C5D3A-6FFE-4B87-AC84-4115EBD521ED} = {AF6F1542-305A-427C-9A07-EF5F5D8EE443}
		{53875767-4FB1-4481-BF52-EAFB1B5C3E20} = {AF6F1542-305A-427C-9A07-EF5F5D8EE443}
		{76C9FB11-84CF-4115-BAAD-08C685A6211D} = {B157740D-E2BE-431A-8E71-FBAC5BAADF4B}
		{80AD9D84-71B3-413B-93A2-DB4943469243} = {B157740D-E2BE-431A-8E71-FBAC5BAADF4B}
		{D92D7E69-25B7-46BA-83D5-1B1ABCE43311} = {B157740D-E2BE-431A-8E71-FBAC5BAADF4B}
		{5BF22DE7-6D7F-4CE8-94D3-85CE2942E6E6} = {B157740D-E2BE-431A-8E71-FBAC5BAADF4B}
		{56A87B8A-A6EC-4D4D-B7D6-35C39F10FD34} = {B157740D-E2BE-431A-8E71-FBAC5BAADF4B}
		{A8F41EF2-1726-40CA-A12C-3F371E8C4AAF} = {7A1D2CD0-10C3-49C7-9CCD-F4E35672056C}
		{B29E0FBB-9AAC-4726-BAD0-261BDC9F087E} = {7A1D2CD0-10C3-49C7-9CCD-F4E35672056C}
		{6F16C12E-75CA-4629-8BFF-722E279F7BA6} = {7A1D2CD0-10C3-49C7-9CCD-F4E35672056C}
		{8E777D19-95A5-400C-87E9-72F6E6AD74F8} = {8523D0F2-AC56-496C-85BA-23334A1D58E7}
		{C1870C8E-119B-4F5D-A163-A9E7C692EDE6} = {8523D0F2-AC56-496C-85BA-23334A1D58E7}
		{58A4AEC4-0153-4F77-B940-CC0DAB8AC59A} = {8523D0F2-AC56-496C-85BA-23334A1D58E7}
		{4E4D6B93-82CE-435B-A2E1-8504A50F2FF2} = {8523D0F2-AC56-496C-85BA-23334A1D58E7}
		{72E9ED7C-A458-408D-9017-12E6D5C61DC4} = {8523D0F2-AC56-496C-85BA-23334A1D58E7}
	EndGlobalSection
	GlobalSection(ExtensibilityGlobals) = postSolution
		SolutionGuid = {29EBFFE7-E3D4-46E6-BD04-466B14230389}
	EndGlobalSection
EndGlobal
